
Microsoft Visual Studio Solution File, Format Version 12.00
# Visual Studio 15
VisualStudioVersion = 15.0.28307.1831
MinimumVisualStudioVersion = 10.0.40219.1
Project("{FAE04EC0-301F-11D3-BF4B-00C04F79EFBC}") = "palGit", "palGit\palGit.csproj", "{C51723B5-255C-4332-93D7-116C43497614}"
EndProject
Global
	GlobalSection(SolutionConfigurationPlatforms) = preSolution
		Debug|Any CPU = Debug|Any CPU
		Release|Any CPU = Release|Any CPU
	EndGlobalSection
	GlobalSection(ProjectConfigurationPlatforms) = postSolution
		{C51723B5-255C-4332-93D7-116C43497614}.Debug|Any CPU.ActiveCfg = Debug|Any CPU
		{C51723B5-255C-4332-93D7-116C43497614}.Debug|Any CPU.Build.0 = Debug|Any CPU
		{C51723B5-255C-4332-93D7-116C43497614}.Release|Any CPU.ActiveCfg = Release|Any CPU
		{C51723B5-255C-4332-93D7-116C43497614}.Release|Any CPU.Build.0 = Release|Any CPU
	EndGlobalSection
	GlobalSection(SolutionProperties) = preSolution
		HideSolutionNode = FALSE
	EndGlobalSection
	GlobalSection(ExtensibilityGlobals) = postSolution
		SolutionGuid = {1EA3EF50-8C80-4916-8531-7421B40C6A23}
	EndGlobalSection
EndGlobal
